
Microsoft Visual Studio Solution File, Format Version 12.00
# Visual Studio 15
VisualStudioVersion = 15.0.27703.2035
MinimumVisualStudioVersion = 10.0.40219.1
Project("{FAE04EC0-301F-11D3-BF4B-00C04F79EFBC}") = "AWSConverterWorker", "AWSConverterWorker\AWSConverterWorker.csproj", "{AC06E955-E586-4A64-B8DE-F7DA5E76B092}"
EndProject
Global
	GlobalSection(SolutionConfigurationPlatforms) = preSolution
		Debug|Any CPU = Debug|Any CPU
		Release|Any CPU = Release|Any CPU
	EndGlobalSection
	GlobalSection(ProjectConfigurationPlatforms) = postSolution
		{AC06E955-E586-4A64-B8DE-F7DA5E76B092}.Debug|Any CPU.ActiveCfg = Debug|Any CPU
		{AC06E955-E586-4A64-B8DE-F7DA5E76B092}.Debug|Any CPU.Build.0 = Debug|Any CPU
		{AC06E955-E586-4A64-B8DE-F7DA5E76B092}.Release|Any CPU.ActiveCfg = Release|Any CPU
		{AC06E955-E586-4A64-B8DE-F7DA5E76B092}.Release|Any CPU.Build.0 = Release|Any CPU
	EndGlobalSection
	GlobalSection(SolutionProperties) = preSolution
		HideSolutionNode = FALSE
	EndGlobalSection
	GlobalSection(ExtensibilityGlobals) = postSolution
		SolutionGuid = {66CA95DD-548A-43A7-AAE9-CFA8758791EB}
	EndGlobalSection
EndGlobal
